
Microsoft Visual Studio Solution File, Format Version 12.00
# Visual Studio Version 16
VisualStudioVersion = 16.0.29728.190
MinimumVisualStudioVersion = 10.0.40219.1
Project("{FAE04EC0-301F-11D3-BF4B-00C04F79EFBC}") = "SkydekortLibrary", "SkydekortLibrary\SkydekortLibrary.csproj", "{83AC0E03-31AA-4D7D-A6D6-14605AEE4168}"
EndProject
Project("{FAE04EC0-301F-11D3-BF4B-00C04F79EFBC}") = "SkydekortGUI", "SkydekortGUI\SkydekortGUI.csproj", "{FF29799A-7B5B-4D4D-9B10-951FC962F2C4}"
EndProject
Project("{FAE04EC0-301F-11D3-BF4B-00C04F79EFBC}") = "LehSerializer", "LehSerializer\LehSerializer.csproj", "{7007D480-6F88-4FE9-8294-9C2175487FE4}"
EndProject
Global
	GlobalSection(SolutionConfigurationPlatforms) = preSolution
		Debug|Any CPU = Debug|Any CPU
		Release|Any CPU = Release|Any CPU
	EndGlobalSection
	GlobalSection(ProjectConfigurationPlatforms) = postSolution
		{83AC0E03-31AA-4D7D-A6D6-14605AEE4168}.Debug|Any CPU.ActiveCfg = Debug|Any CPU
		{83AC0E03-31AA-4D7D-A6D6-14605AEE4168}.Debug|Any CPU.Build.0 = Debug|Any CPU
		{83AC0E03-31AA-4D7D-A6D6-14605AEE4168}.Release|Any CPU.ActiveCfg = Release|Any CPU
		{83AC0E03-31AA-4D7D-A6D6-14605AEE4168}.Release|Any CPU.Build.0 = Release|Any CPU
		{FF29799A-7B5B-4D4D-9B10-951FC962F2C4}.Debug|Any CPU.ActiveCfg = Debug|Any CPU
		{FF29799A-7B5B-4D4D-9B10-951FC962F2C4}.Debug|Any CPU.Build.0 = Debug|Any CPU
		{FF29799A-7B5B-4D4D-9B10-951FC962F2C4}.Release|Any CPU.ActiveCfg = Release|Any CPU
		{FF29799A-7B5B-4D4D-9B10-951FC962F2C4}.Release|Any CPU.Build.0 = Release|Any CPU
		{7007D480-6F88-4FE9-8294-9C2175487FE4}.Debug|Any CPU.ActiveCfg = Debug|Any CPU
		{7007D480-6F88-4FE9-8294-9C2175487FE4}.Debug|Any CPU.Build.0 = Debug|Any CPU
		{7007D480-6F88-4FE9-8294-9C2175487FE4}.Release|Any CPU.ActiveCfg = Release|Any CPU
		{7007D480-6F88-4FE9-8294-9C2175487FE4}.Release|Any CPU.Build.0 = Release|Any CPU
	EndGlobalSection
	GlobalSection(SolutionProperties) = preSolution
		HideSolutionNode = FALSE
	EndGlobalSection
	GlobalSection(ExtensibilityGlobals) = postSolution
		SolutionGuid = {67CBC308-C961-47C9-90BF-4B181A083408}
	EndGlobalSection
EndGlobal
